
Microsoft Visual Studio Solution File, Format Version 12.00
# Visual Studio Version 17
VisualStudioVersion = 17.9.34728.123
MinimumVisualStudioVersion = 10.0.40219.1
Project("{FAE04EC0-301F-11D3-BF4B-00C04F79EFBC}") = "battle-simulator (06.08.24)", "battle-simulator (06.08.24).csproj", "{8FBF527F-700D-412D-A402-B4EF8A9DD8CC}"
EndProject
Global
	GlobalSection(SolutionConfigurationPlatforms) = preSolution
		Debug|Any CPU = Debug|Any CPU
		Release|Any CPU = Release|Any CPU
	EndGlobalSection
	GlobalSection(ProjectConfigurationPlatforms) = postSolution
		{8FBF527F-700D-412D-A402-B4EF8A9DD8CC}.Debug|Any CPU.ActiveCfg = Debug|Any CPU
		{8FBF527F-700D-412D-A402-B4EF8A9DD8CC}.Debug|Any CPU.Build.0 = Debug|Any CPU
		{8FBF527F-700D-412D-A402-B4EF8A9DD8CC}.Release|Any CPU.ActiveCfg = Release|Any CPU
		{8FBF527F-700D-412D-A402-B4EF8A9DD8CC}.Release|Any CPU.Build.0 = Release|Any CPU
	EndGlobalSection
	GlobalSection(SolutionProperties) = preSolution
		HideSolutionNode = FALSE
	EndGlobalSection
	GlobalSection(ExtensibilityGlobals) = postSolution
		SolutionGuid = {BEE7F6DE-DFF0-484E-B135-1C4F2D7795B3}
	EndGlobalSection
EndGlobal
