
Microsoft Visual Studio Solution File, Format Version 12.00
# Visual Studio Version 17
VisualStudioVersion = 17.9.34728.123
MinimumVisualStudioVersion = 10.0.40219.1
Project("{FAE04EC0-301F-11D3-BF4B-00C04F79EFBC}") = "codealong", "codealong.csproj", "{0D10012E-A251-41C8-A0EB-0831E8297EB4}"
EndProject
Global
	GlobalSection(SolutionConfigurationPlatforms) = preSolution
		Debug|Any CPU = Debug|Any CPU
		Release|Any CPU = Release|Any CPU
	EndGlobalSection
	GlobalSection(ProjectConfigurationPlatforms) = postSolution
		{0D10012E-A251-41C8-A0EB-0831E8297EB4}.Debug|Any CPU.ActiveCfg = Debug|Any CPU
		{0D10012E-A251-41C8-A0EB-0831E8297EB4}.Debug|Any CPU.Build.0 = Debug|Any CPU
		{0D10012E-A251-41C8-A0EB-0831E8297EB4}.Release|Any CPU.ActiveCfg = Release|Any CPU
		{0D10012E-A251-41C8-A0EB-0831E8297EB4}.Release|Any CPU.Build.0 = Release|Any CPU
	EndGlobalSection
	GlobalSection(SolutionProperties) = preSolution
		HideSolutionNode = FALSE
	EndGlobalSection
	GlobalSection(ExtensibilityGlobals) = postSolution
		SolutionGuid = {2E465E63-7259-4F06-9D43-A82D501DAA8B}
	EndGlobalSection
EndGlobal
