
Microsoft Visual Studio Solution File, Format Version 12.00
# Visual Studio Version 17
VisualStudioVersion = 17.9.34728.123
MinimumVisualStudioVersion = 10.0.40219.1
Project("{FAE04EC0-301F-11D3-BF4B-00C04F79EFBC}") = "Library Management System (12.06.24)", "Library Management System (12.06.24).csproj", "{DB41F41B-A482-413D-B295-6237C687B6E5}"
EndProject
Global
	GlobalSection(SolutionConfigurationPlatforms) = preSolution
		Debug|Any CPU = Debug|Any CPU
		Release|Any CPU = Release|Any CPU
	EndGlobalSection
	GlobalSection(ProjectConfigurationPlatforms) = postSolution
		{DB41F41B-A482-413D-B295-6237C687B6E5}.Debug|Any CPU.ActiveCfg = Debug|Any CPU
		{DB41F41B-A482-413D-B295-6237C687B6E5}.Debug|Any CPU.Build.0 = Debug|Any CPU
		{DB41F41B-A482-413D-B295-6237C687B6E5}.Release|Any CPU.ActiveCfg = Release|Any CPU
		{DB41F41B-A482-413D-B295-6237C687B6E5}.Release|Any CPU.Build.0 = Release|Any CPU
	EndGlobalSection
	GlobalSection(SolutionProperties) = preSolution
		HideSolutionNode = FALSE
	EndGlobalSection
	GlobalSection(ExtensibilityGlobals) = postSolution
		SolutionGuid = {0A76B048-D0EE-4509-B5DA-1B483FC01269}
	EndGlobalSection
EndGlobal
