
Microsoft Visual Studio Solution File, Format Version 12.00
# Visual Studio Version 17
VisualStudioVersion = 17.9.34728.123
MinimumVisualStudioVersion = 10.0.40219.1
Project("{FAE04EC0-301F-11D3-BF4B-00C04F79EFBC}") = "BattleSimulator & inheritance (09.06.24)", "BattleSimulator & inheritance (09.06.24).csproj", "{D9E7D5BD-D23B-4E92-97A8-6CB3C1D349B3}"
EndProject
Global
	GlobalSection(SolutionConfigurationPlatforms) = preSolution
		Debug|Any CPU = Debug|Any CPU
		Release|Any CPU = Release|Any CPU
	EndGlobalSection
	GlobalSection(ProjectConfigurationPlatforms) = postSolution
		{D9E7D5BD-D23B-4E92-97A8-6CB3C1D349B3}.Debug|Any CPU.ActiveCfg = Debug|Any CPU
		{D9E7D5BD-D23B-4E92-97A8-6CB3C1D349B3}.Debug|Any CPU.Build.0 = Debug|Any CPU
		{D9E7D5BD-D23B-4E92-97A8-6CB3C1D349B3}.Release|Any CPU.ActiveCfg = Release|Any CPU
		{D9E7D5BD-D23B-4E92-97A8-6CB3C1D349B3}.Release|Any CPU.Build.0 = Release|Any CPU
	EndGlobalSection
	GlobalSection(SolutionProperties) = preSolution
		HideSolutionNode = FALSE
	EndGlobalSection
	GlobalSection(ExtensibilityGlobals) = postSolution
		SolutionGuid = {54ECEE9D-99C1-44E3-94CD-853B21E436F2}
	EndGlobalSection
EndGlobal
