
Microsoft Visual Studio Solution File, Format Version 12.00
# Visual Studio Version 17
VisualStudioVersion = 17.9.34728.123
MinimumVisualStudioVersion = 10.0.40219.1
Project("{FAE04EC0-301F-11D3-BF4B-00C04F79EFBC}") = "Klikkerspill OOP 30.05.24", "Klikkerspill OOP 30.05.24.csproj", "{1C05A981-AB7F-4D28-91F4-929D4B641806}"
EndProject
Global
	GlobalSection(SolutionConfigurationPlatforms) = preSolution
		Debug|Any CPU = Debug|Any CPU
		Release|Any CPU = Release|Any CPU
	EndGlobalSection
	GlobalSection(ProjectConfigurationPlatforms) = postSolution
		{1C05A981-AB7F-4D28-91F4-929D4B641806}.Debug|Any CPU.ActiveCfg = Debug|Any CPU
		{1C05A981-AB7F-4D28-91F4-929D4B641806}.Debug|Any CPU.Build.0 = Debug|Any CPU
		{1C05A981-AB7F-4D28-91F4-929D4B641806}.Release|Any CPU.ActiveCfg = Release|Any CPU
		{1C05A981-AB7F-4D28-91F4-929D4B641806}.Release|Any CPU.Build.0 = Release|Any CPU
	EndGlobalSection
	GlobalSection(SolutionProperties) = preSolution
		HideSolutionNode = FALSE
	EndGlobalSection
	GlobalSection(ExtensibilityGlobals) = postSolution
		SolutionGuid = {4AE6DBAE-EFCE-4F44-98B1-546C84AAD46F}
	EndGlobalSection
EndGlobal
