
Microsoft Visual Studio Solution File, Format Version 12.00
# Visual Studio Version 17
VisualStudioVersion = 17.9.34728.123
MinimumVisualStudioVersion = 10.0.40219.1
Project("{FAE04EC0-301F-11D3-BF4B-00C04F79EFBC}") = "12.08.24", "12.08.24.csproj", "{307FF361-F2D3-439C-88B2-587CCECF8732}"
EndProject
Global
	GlobalSection(SolutionConfigurationPlatforms) = preSolution
		Debug|Any CPU = Debug|Any CPU
		Release|Any CPU = Release|Any CPU
	EndGlobalSection
	GlobalSection(ProjectConfigurationPlatforms) = postSolution
		{307FF361-F2D3-439C-88B2-587CCECF8732}.Debug|Any CPU.ActiveCfg = Debug|Any CPU
		{307FF361-F2D3-439C-88B2-587CCECF8732}.Debug|Any CPU.Build.0 = Debug|Any CPU
		{307FF361-F2D3-439C-88B2-587CCECF8732}.Release|Any CPU.ActiveCfg = Release|Any CPU
		{307FF361-F2D3-439C-88B2-587CCECF8732}.Release|Any CPU.Build.0 = Release|Any CPU
	EndGlobalSection
	GlobalSection(SolutionProperties) = preSolution
		HideSolutionNode = FALSE
	EndGlobalSection
	GlobalSection(ExtensibilityGlobals) = postSolution
		SolutionGuid = {B9C967A5-5315-4DC3-85D3-20B072DFDD83}
	EndGlobalSection
EndGlobal
