
Microsoft Visual Studio Solution File, Format Version 12.00
# Visual Studio Version 17
VisualStudioVersion = 17.9.34728.123
MinimumVisualStudioVersion = 10.0.40219.1
Project("{FAE04EC0-301F-11D3-BF4B-00C04F79EFBC}") = "01.06.24 (bossFight take 2)", "01.06.24 (bossFight take 2).csproj", "{59172D5F-2705-4C21-9671-1BCBA6A1D610}"
EndProject
Global
	GlobalSection(SolutionConfigurationPlatforms) = preSolution
		Debug|Any CPU = Debug|Any CPU
		Release|Any CPU = Release|Any CPU
	EndGlobalSection
	GlobalSection(ProjectConfigurationPlatforms) = postSolution
		{59172D5F-2705-4C21-9671-1BCBA6A1D610}.Debug|Any CPU.ActiveCfg = Debug|Any CPU
		{59172D5F-2705-4C21-9671-1BCBA6A1D610}.Debug|Any CPU.Build.0 = Debug|Any CPU
		{59172D5F-2705-4C21-9671-1BCBA6A1D610}.Release|Any CPU.ActiveCfg = Release|Any CPU
		{59172D5F-2705-4C21-9671-1BCBA6A1D610}.Release|Any CPU.Build.0 = Release|Any CPU
	EndGlobalSection
	GlobalSection(SolutionProperties) = preSolution
		HideSolutionNode = FALSE
	EndGlobalSection
	GlobalSection(ExtensibilityGlobals) = postSolution
		SolutionGuid = {03B35650-56A9-4EA6-8BFB-D0558D4E6A9F}
	EndGlobalSection
EndGlobal
