
Microsoft Visual Studio Solution File, Format Version 12.00
# Visual Studio Version 17
VisualStudioVersion = 17.9.34728.123
MinimumVisualStudioVersion = 10.0.40219.1
Project("{FAE04EC0-301F-11D3-BF4B-00C04F79EFBC}") = "Abaxrekkrutering moodle (06.06.24')", "Abaxrekkrutering moodle (06.06.24').csproj", "{92D8B42C-B800-4028-8359-8D7BCBC4108D}"
EndProject
Global
	GlobalSection(SolutionConfigurationPlatforms) = preSolution
		Debug|Any CPU = Debug|Any CPU
		Release|Any CPU = Release|Any CPU
	EndGlobalSection
	GlobalSection(ProjectConfigurationPlatforms) = postSolution
		{92D8B42C-B800-4028-8359-8D7BCBC4108D}.Debug|Any CPU.ActiveCfg = Debug|Any CPU
		{92D8B42C-B800-4028-8359-8D7BCBC4108D}.Debug|Any CPU.Build.0 = Debug|Any CPU
		{92D8B42C-B800-4028-8359-8D7BCBC4108D}.Release|Any CPU.ActiveCfg = Release|Any CPU
		{92D8B42C-B800-4028-8359-8D7BCBC4108D}.Release|Any CPU.Build.0 = Release|Any CPU
	EndGlobalSection
	GlobalSection(SolutionProperties) = preSolution
		HideSolutionNode = FALSE
	EndGlobalSection
	GlobalSection(ExtensibilityGlobals) = postSolution
		SolutionGuid = {950E08E5-7442-4A54-BDE1-2B26271590FB}
	EndGlobalSection
EndGlobal
