
Microsoft Visual Studio Solution File, Format Version 12.00
# Visual Studio Version 17
VisualStudioVersion = 17.9.34728.123
MinimumVisualStudioVersion = 10.0.40219.1
Project("{FAE04EC0-301F-11D3-BF4B-00C04F79EFBC}") = "TestClass.NTP 05.30.24", "TestClass.NTP 05.30.24.csproj", "{720EEFF4-3739-4D95-B213-5DCBD6617FA0}"
EndProject
Project("{FAE04EC0-301F-11D3-BF4B-00C04F79EFBC}") = "Nunit Test Proj. 05.30.24", "..\Nunit Test Proj. 05.30.24\Nunit Test Proj. 05.30.24.csproj", "{1AD738CE-A7DD-4059-AE25-EE482FEB3D97}"
EndProject
Global
	GlobalSection(SolutionConfigurationPlatforms) = preSolution
		Debug|Any CPU = Debug|Any CPU
		Release|Any CPU = Release|Any CPU
	EndGlobalSection
	GlobalSection(ProjectConfigurationPlatforms) = postSolution
		{720EEFF4-3739-4D95-B213-5DCBD6617FA0}.Debug|Any CPU.ActiveCfg = Debug|Any CPU
		{720EEFF4-3739-4D95-B213-5DCBD6617FA0}.Debug|Any CPU.Build.0 = Debug|Any CPU
		{720EEFF4-3739-4D95-B213-5DCBD6617FA0}.Release|Any CPU.ActiveCfg = Release|Any CPU
		{720EEFF4-3739-4D95-B213-5DCBD6617FA0}.Release|Any CPU.Build.0 = Release|Any CPU
		{1AD738CE-A7DD-4059-AE25-EE482FEB3D97}.Debug|Any CPU.ActiveCfg = Debug|Any CPU
		{1AD738CE-A7DD-4059-AE25-EE482FEB3D97}.Debug|Any CPU.Build.0 = Debug|Any CPU
		{1AD738CE-A7DD-4059-AE25-EE482FEB3D97}.Release|Any CPU.ActiveCfg = Release|Any CPU
		{1AD738CE-A7DD-4059-AE25-EE482FEB3D97}.Release|Any CPU.Build.0 = Release|Any CPU
	EndGlobalSection
	GlobalSection(SolutionProperties) = preSolution
		HideSolutionNode = FALSE
	EndGlobalSection
	GlobalSection(ExtensibilityGlobals) = postSolution
		SolutionGuid = {CF0F68B8-D021-40E2-8014-4AFF1E4E2DEB}
	EndGlobalSection
EndGlobal
