
Microsoft Visual Studio Solution File, Format Version 12.00
# Visual Studio Version 17
VisualStudioVersion = 17.9.34728.123
MinimumVisualStudioVersion = 10.0.40219.1
Project("{FAE04EC0-301F-11D3-BF4B-00C04F79EFBC}") = "Stall", "Stall.csproj", "{19075B9E-D664-4682-8F85-E4181BBA4220}"
EndProject
Global
	GlobalSection(SolutionConfigurationPlatforms) = preSolution
		Debug|Any CPU = Debug|Any CPU
		Release|Any CPU = Release|Any CPU
	EndGlobalSection
	GlobalSection(ProjectConfigurationPlatforms) = postSolution
		{19075B9E-D664-4682-8F85-E4181BBA4220}.Debug|Any CPU.ActiveCfg = Debug|Any CPU
		{19075B9E-D664-4682-8F85-E4181BBA4220}.Debug|Any CPU.Build.0 = Debug|Any CPU
		{19075B9E-D664-4682-8F85-E4181BBA4220}.Release|Any CPU.ActiveCfg = Release|Any CPU
		{19075B9E-D664-4682-8F85-E4181BBA4220}.Release|Any CPU.Build.0 = Release|Any CPU
	EndGlobalSection
	GlobalSection(SolutionProperties) = preSolution
		HideSolutionNode = FALSE
	EndGlobalSection
	GlobalSection(ExtensibilityGlobals) = postSolution
		SolutionGuid = {B4D8EDC0-E84A-4892-9C9B-CBD262C548A5}
	EndGlobalSection
EndGlobal
