
Microsoft Visual Studio Solution File, Format Version 12.00
# Visual Studio Version 17
VisualStudioVersion = 17.9.34728.123
MinimumVisualStudioVersion = 10.0.40219.1
Project("{FAE04EC0-301F-11D3-BF4B-00C04F79EFBC}") = "Codealong (2), 04.06.24", "Codealong (2), 04.06.24.csproj", "{F862C30B-760E-4139-AEFD-E2BBE98FBBBE}"
EndProject
Global
	GlobalSection(SolutionConfigurationPlatforms) = preSolution
		Debug|Any CPU = Debug|Any CPU
		Release|Any CPU = Release|Any CPU
	EndGlobalSection
	GlobalSection(ProjectConfigurationPlatforms) = postSolution
		{F862C30B-760E-4139-AEFD-E2BBE98FBBBE}.Debug|Any CPU.ActiveCfg = Debug|Any CPU
		{F862C30B-760E-4139-AEFD-E2BBE98FBBBE}.Debug|Any CPU.Build.0 = Debug|Any CPU
		{F862C30B-760E-4139-AEFD-E2BBE98FBBBE}.Release|Any CPU.ActiveCfg = Release|Any CPU
		{F862C30B-760E-4139-AEFD-E2BBE98FBBBE}.Release|Any CPU.Build.0 = Release|Any CPU
	EndGlobalSection
	GlobalSection(SolutionProperties) = preSolution
		HideSolutionNode = FALSE
	EndGlobalSection
	GlobalSection(ExtensibilityGlobals) = postSolution
		SolutionGuid = {2CAD3783-E861-4A44-9F4A-1DCF18BF4BAE}
	EndGlobalSection
EndGlobal
